// !$*UTF8*$!
{
	archiveVersion = 1;
	classes = {
	};
	objectVersion = 55;
	objects = {

/* Begin PBXBuildFile section */
		F66CBE0827DE5E2A00805BE2 /* HabitApp.swift in Sources */ = {isa = PBXBuildFile; fileRef = F66CBE0727DE5E2A00805BE2 /* HabitApp.swift */; };
		F66CBE0C27DE5E2A00805BE2 /* Assets.xcassets in Resources */ = {isa = PBXBuildFile; fileRef = F66CBE0B27DE5E2A00805BE2 /* Assets.xcassets */; };
		F66CBE0F27DE5E2A00805BE2 /* Preview Assets.xcassets in Resources */ = {isa = PBXBuildFile; fileRef = F66CBE0E27DE5E2A00805BE2 /* Preview Assets.xcassets */; };
		F66CBE1A27DE5EBB00805BE2 /* SplashView.swift in Sources */ = {isa = PBXBuildFile; fileRef = F66CBE1927DE5EBB00805BE2 /* SplashView.swift */; };
		F66CBE1C27DE5F6800805BE2 /* SplashUIState.swift in Sources */ = {isa = PBXBuildFile; fileRef = F66CBE1B27DE5F6800805BE2 /* SplashUIState.swift */; };
		F66CBE1F27DE731C00805BE2 /* SplashViewModel.swift in Sources */ = {isa = PBXBuildFile; fileRef = F66CBE1E27DE731C00805BE2 /* SplashViewModel.swift */; };
		F66CBE2527DE86DE00805BE2 /* SignInView.swift in Sources */ = {isa = PBXBuildFile; fileRef = F66CBE2427DE86DE00805BE2 /* SignInView.swift */; };
		F66CBE2727DE873100805BE2 /* SignInViewModel.swift in Sources */ = {isa = PBXBuildFile; fileRef = F66CBE2627DE873100805BE2 /* SignInViewModel.swift */; };
		F66CBE2B27DE888C00805BE2 /* SplashViewRouter.swift in Sources */ = {isa = PBXBuildFile; fileRef = F66CBE2A27DE888C00805BE2 /* SplashViewRouter.swift */; };
/* End PBXBuildFile section */

/* Begin PBXFileReference section */
		F66CBE0427DE5E2A00805BE2 /* Habit.app */ = {isa = PBXFileReference; explicitFileType = wrapper.application; includeInIndex = 0; path = Habit.app; sourceTree = BUILT_PRODUCTS_DIR; };
		F66CBE0727DE5E2A00805BE2 /* HabitApp.swift */ = {isa = PBXFileReference; lastKnownFileType = sourcecode.swift; path = HabitApp.swift; sourceTree = "<group>"; };
		F66CBE0B27DE5E2A00805BE2 /* Assets.xcassets */ = {isa = PBXFileReference; lastKnownFileType = folder.assetcatalog; path = Assets.xcassets; sourceTree = "<group>"; };
		F66CBE0E27DE5E2A00805BE2 /* Preview Assets.xcassets */ = {isa = PBXFileReference; lastKnownFileType = folder.assetcatalog; path = "Preview Assets.xcassets"; sourceTree = "<group>"; };
		F66CBE1927DE5EBB00805BE2 /* SplashView.swift */ = {isa = PBXFileReference; lastKnownFileType = sourcecode.swift; path = SplashView.swift; sourceTree = "<group>"; };
		F66CBE1B27DE5F6800805BE2 /* SplashUIState.swift */ = {isa = PBXFileReference; lastKnownFileType = sourcecode.swift; path = SplashUIState.swift; sourceTree = "<group>"; };
		F66CBE1E27DE731C00805BE2 /* SplashViewModel.swift */ = {isa = PBXFileReference; lastKnownFileType = sourcecode.swift; path = SplashViewModel.swift; sourceTree = "<group>"; };
		F66CBE2427DE86DE00805BE2 /* SignInView.swift */ = {isa = PBXFileReference; lastKnownFileType = sourcecode.swift; path = SignInView.swift; sourceTree = "<group>"; };
		F66CBE2627DE873100805BE2 /* SignInViewModel.swift */ = {isa = PBXFileReference; lastKnownFileType = sourcecode.swift; path = SignInViewModel.swift; sourceTree = "<group>"; };
		F66CBE2A27DE888C00805BE2 /* SplashViewRouter.swift */ = {isa = PBXFileReference; lastKnownFileType = sourcecode.swift; path = SplashViewRouter.swift; sourceTree = "<group>"; };
/* End PBXFileReference section */

/* Begin PBXFrameworksBuildPhase section */
		F66CBE0127DE5E2A00805BE2 /* Frameworks */ = {
			isa = PBXFrameworksBuildPhase;
			buildActionMask = 2147483647;
			files = (
			);
			runOnlyForDeploymentPostprocessing = 0;
		};
/* End PBXFrameworksBuildPhase section */

/* Begin PBXGroup section */
		F66CBDFB27DE5E2900805BE2 = {
			isa = PBXGroup;
			children = (
				F66CBE0627DE5E2A00805BE2 /* Habit */,
				F66CBE0527DE5E2A00805BE2 /* Products */,
			);
			sourceTree = "<group>";
		};
		F66CBE0527DE5E2A00805BE2 /* Products */ = {
			isa = PBXGroup;
			children = (
				F66CBE0427DE5E2A00805BE2 /* Habit.app */,
			);
			name = Products;
			sourceTree = "<group>";
		};
		F66CBE0627DE5E2A00805BE2 /* Habit */ = {
			isa = PBXGroup;
			children = (
				F66CBE2027DE866300805BE2 /* SignIn */,
				F66CBE1527DE5E6B00805BE2 /* Splash */,
				F66CBE0727DE5E2A00805BE2 /* HabitApp.swift */,
				F66CBE0B27DE5E2A00805BE2 /* Assets.xcassets */,
				F66CBE0D27DE5E2A00805BE2 /* Preview Content */,
			);
			path = Habit;
			sourceTree = "<group>";
		};
		F66CBE0D27DE5E2A00805BE2 /* Preview Content */ = {
			isa = PBXGroup;
			children = (
				F66CBE0E27DE5E2A00805BE2 /* Preview Assets.xcassets */,
			);
			path = "Preview Content";
			sourceTree = "<group>";
		};
		F66CBE1527DE5E6B00805BE2 /* Splash */ = {
			isa = PBXGroup;
			children = (
				F66CBE1627DE5E7F00805BE2 /* View */,
				F66CBE1D27DE72E400805BE2 /* ViewModel */,
				F66CBE1727DE5E8400805BE2 /* Model */,
			);
			path = Splash;
			sourceTree = "<group>";
		};
		F66CBE1627DE5E7F00805BE2 /* View */ = {
			isa = PBXGroup;
			children = (
				F66CBE1927DE5EBB00805BE2 /* SplashView.swift */,
			);
			path = View;
			sourceTree = "<group>";
		};
		F66CBE1727DE5E8400805BE2 /* Model */ = {
			isa = PBXGroup;
			children = (
				F66CBE1B27DE5F6800805BE2 /* SplashUIState.swift */,
			);
			path = Model;
			sourceTree = "<group>";
		};
		F66CBE1D27DE72E400805BE2 /* ViewModel */ = {
			isa = PBXGroup;
			children = (
				F66CBE1E27DE731C00805BE2 /* SplashViewModel.swift */,
				F66CBE2A27DE888C00805BE2 /* SplashViewRouter.swift */,
			);
			path = ViewModel;
			sourceTree = "<group>";
		};
		F66CBE2027DE866300805BE2 /* SignIn */ = {
			isa = PBXGroup;
			children = (
				F66CBE2327DE86A300805BE2 /* View */,
				F66CBE2127DE867600805BE2 /* ViewModel */,
				F66CBE2227DE867C00805BE2 /* Model */,
			);
			path = SignIn;
			sourceTree = "<group>";
		};
		F66CBE2127DE867600805BE2 /* ViewModel */ = {
			isa = PBXGroup;
			children = (
				F66CBE2627DE873100805BE2 /* SignInViewModel.swift */,
			);
			path = ViewModel;
			sourceTree = "<group>";
		};
		F66CBE2227DE867C00805BE2 /* Model */ = {
			isa = PBXGroup;
			children = (
			);
			path = Model;
			sourceTree = "<group>";
		};
		F66CBE2327DE86A300805BE2 /* View */ = {
			isa = PBXGroup;
			children = (
				F66CBE2427DE86DE00805BE2 /* SignInView.swift */,
			);
			path = View;
			sourceTree = "<group>";
		};
/* End PBXGroup section */

/* Begin PBXNativeTarget section */
		F66CBE0327DE5E2A00805BE2 /* Habit */ = {
			isa = PBXNativeTarget;
			buildConfigurationList = F66CBE1227DE5E2A00805BE2 /* Build configuration list for PBXNativeTarget "Habit" */;
			buildPhases = (
				F66CBE0027DE5E2A00805BE2 /* Sources */,
				F66CBE0127DE5E2A00805BE2 /* Frameworks */,
				F66CBE0227DE5E2A00805BE2 /* Resources */,
			);
			buildRules = (
			);
			dependencies = (
			);
			name = Habit;
			productName = Habit;
			productReference = F66CBE0427DE5E2A00805BE2 /* Habit.app */;
			productType = "com.apple.product-type.application";
		};
/* End PBXNativeTarget section */

/* Begin PBXProject section */
		F66CBDFC27DE5E2900805BE2 /* Project object */ = {
			isa = PBXProject;
			attributes = {
				BuildIndependentTargetsInParallel = 1;
				LastSwiftUpdateCheck = 1320;
				LastUpgradeCheck = 1320;
				TargetAttributes = {
					F66CBE0327DE5E2A00805BE2 = {
						CreatedOnToolsVersion = 13.2.1;
					};
				};
			};
			buildConfigurationList = F66CBDFF27DE5E2900805BE2 /* Build configuration list for PBXProject "Habit" */;
			compatibilityVersion = "Xcode 13.0";
			developmentRegion = en;
			hasScannedForEncodings = 0;
			knownRegions = (
				en,
				Base,
			);
			mainGroup = F66CBDFB27DE5E2900805BE2;
			productRefGroup = F66CBE0527DE5E2A00805BE2 /* Products */;
			projectDirPath = "";
			projectRoot = "";
			targets = (
				F66CBE0327DE5E2A00805BE2 /* Habit */,
			);
		};
/* End PBXProject section */

/* Begin PBXResourcesBuildPhase section */
		F66CBE0227DE5E2A00805BE2 /* Resources */ = {
			isa = PBXResourcesBuildPhase;
			buildActionMask = 2147483647;
			files = (
				F66CBE0F27DE5E2A00805BE2 /* Preview Assets.xcassets in Resources */,
				F66CBE0C27DE5E2A00805BE2 /* Assets.xcassets in Resources */,
			);
			runOnlyForDeploymentPostprocessing = 0;
		};
/* End PBXResourcesBuildPhase section */

/* Begin PBXSourcesBuildPhase section */
		F66CBE0027DE5E2A00805BE2 /* Sources */ = {
			isa = PBXSourcesBuildPhase;
			buildActionMask = 2147483647;
			files = (
				F66CBE1C27DE5F6800805BE2 /* SplashUIState.swift in Sources */,
				F66CBE0827DE5E2A00805BE2 /* HabitApp.swift in Sources */,
				F66CBE2727DE873100805BE2 /* SignInViewModel.swift in Sources */,
				F66CBE1A27DE5EBB00805BE2 /* SplashView.swift in Sources */,
				F66CBE1F27DE731C00805BE2 /* SplashViewModel.swift in Sources */,
				F66CBE2B27DE888C00805BE2 /* SplashViewRouter.swift in Sources */,
				F66CBE2527DE86DE00805BE2 /* SignInView.swift in Sources */,
			);
			runOnlyForDeploymentPostprocessing = 0;
		};
/* End PBXSourcesBuildPhase section */

/* Begin XCBuildConfiguration section */
		F66CBE1027DE5E2A00805BE2 /* Debug */ = {
			isa = XCBuildConfiguration;
			buildSettings = {
				ALWAYS_SEARCH_USER_PATHS = NO;
				CLANG_ANALYZER_NONNULL = YES;
				CLANG_ANALYZER_NUMBER_OBJECT_CONVERSION = YES_AGGRESSIVE;
				CLANG_CXX_LANGUAGE_STANDARD = "gnu++17";
				CLANG_CXX_LIBRARY = "libc++";
				CLANG_ENABLE_MODULES = YES;
				CLANG_ENABLE_OBJC_ARC = YES;
				CLANG_ENABLE_OBJC_WEAK = YES;
				CLANG_WARN_BLOCK_CAPTURE_AUTORELEASING = YES;
				CLANG_WARN_BOOL_CONVERSION = YES;
				CLANG_WARN_COMMA = YES;
				CLANG_WARN_CONSTANT_CONVERSION = YES;
				CLANG_WARN_DEPRECATED_OBJC_IMPLEMENTATIONS = YES;
				CLANG_WARN_DIRECT_OBJC_ISA_USAGE = YES_ERROR;
				CLANG_WARN_DOCUMENTATION_COMMENTS = YES;
				CLANG_WARN_EMPTY_BODY = YES;
				CLANG_WARN_ENUM_CONVERSION = YES;
				CLANG_WARN_INFINITE_RECURSION = YES;
				CLANG_WARN_INT_CONVERSION = YES;
				CLANG_WARN_NON_LITERAL_NULL_CONVERSION = YES;
				CLANG_WARN_OBJC_IMPLICIT_RETAIN_SELF = YES;
				CLANG_WARN_OBJC_LITERAL_CONVERSION = YES;
				CLANG_WARN_OBJC_ROOT_CLASS = YES_ERROR;
				CLANG_WARN_QUOTED_INCLUDE_IN_FRAMEWORK_HEADER = YES;
				CLANG_WARN_RANGE_LOOP_ANALYSIS = YES;
				CLANG_WARN_STRICT_PROTOTYPES = YES;
				CLANG_WARN_SUSPICIOUS_MOVE = YES;
				CLANG_WARN_UNGUARDED_AVAILABILITY = YES_AGGRESSIVE;
				CLANG_WARN_UNREACHABLE_CODE = YES;
				CLANG_WARN__DUPLICATE_METHOD_MATCH = YES;
				COPY_PHASE_STRIP = NO;
				DEBUG_INFORMATION_FORMAT = dwarf;
				ENABLE_STRICT_OBJC_MSGSEND = YES;
				ENABLE_TESTABILITY = YES;
				GCC_C_LANGUAGE_STANDARD = gnu11;
				GCC_DYNAMIC_NO_PIC = NO;
				GCC_NO_COMMON_BLOCKS = YES;
				GCC_OPTIMIZATION_LEVEL = 0;
				GCC_PREPROCESSOR_DEFINITIONS = (
					"DEBUG=1",
					"$(inherited)",
				);
				GCC_WARN_64_TO_32_BIT_CONVERSION = YES;
				GCC_WARN_ABOUT_RETURN_TYPE = YES_ERROR;
				GCC_WARN_UNDECLARED_SELECTOR = YES;
				GCC_WARN_UNINITIALIZED_AUTOS = YES_AGGRESSIVE;
				GCC_WARN_UNUSED_FUNCTION = YES;
				GCC_WARN_UNUSED_VARIABLE = YES;
				IPHONEOS_DEPLOYMENT_TARGET = 15.2;
				MTL_ENABLE_DEBUG_INFO = INCLUDE_SOURCE;
				MTL_FAST_MATH = YES;
				ONLY_ACTIVE_ARCH = YES;
				SDKROOT = iphoneos;
				SWIFT_ACTIVE_COMPILATION_CONDITIONS = DEBUG;
				SWIFT_OPTIMIZATION_LEVEL = "-Onone";
			};
			name = Debug;
		};
		F66CBE1127DE5E2A00805BE2 /* Release */ = {
			isa = XCBuildConfiguration;
			buildSettings = {
				ALWAYS_SEARCH_USER_PATHS = NO;
				CLANG_ANALYZER_NONNULL = YES;
				CLANG_ANALYZER_NUMBER_OBJECT_CONVERSION = YES_AGGRESSIVE;
				CLANG_CXX_LANGUAGE_STANDARD = "gnu++17";
				CLANG_CXX_LIBRARY = "libc++";
				CLANG_ENABLE_MODULES = YES;
				CLANG_ENABLE_OBJC_ARC = YES;
				CLANG_ENABLE_OBJC_WEAK = YES;
				CLANG_WARN_BLOCK_CAPTURE_AUTORELEASING = YES;
				CLANG_WARN_BOOL_CONVERSION = YES;
				CLANG_WARN_COMMA = YES;
				CLANG_WARN_CONSTANT_CONVERSION = YES;
				CLANG_WARN_DEPRECATED_OBJC_IMPLEMENTATIONS = YES;
				CLANG_WARN_DIRECT_OBJC_ISA_USAGE = YES_ERROR;
				CLANG_WARN_DOCUMENTATION_COMMENTS = YES;
				CLANG_WARN_EMPTY_BODY = YES;
				CLANG_WARN_ENUM_CONVERSION = YES;
				CLANG_WARN_INFINITE_RECURSION = YES;
				CLANG_WARN_INT_CONVERSION = YES;
				CLANG_WARN_NON_LITERAL_NULL_CONVERSION = YES;
				CLANG_WARN_OBJC_IMPLICIT_RETAIN_SELF = YES;
				CLANG_WARN_OBJC_LITERAL_CONVERSION = YES;
				CLANG_WARN_OBJC_ROOT_CLASS = YES_ERROR;
				CLANG_WARN_QUOTED_INCLUDE_IN_FRAMEWORK_HEADER = YES;
				CLANG_WARN_RANGE_LOOP_ANALYSIS = YES;
				CLANG_WARN_STRICT_PROTOTYPES = YES;
				CLANG_WARN_SUSPICIOUS_MOVE = YES;
				CLANG_WARN_UNGUARDED_AVAILABILITY = YES_AGGRESSIVE;
				CLANG_WARN_UNREACHABLE_CODE = YES;
				CLANG_WARN__DUPLICATE_METHOD_MATCH = YES;
				COPY_PHASE_STRIP = NO;
				DEBUG_INFORMATION_FORMAT = "dwarf-with-dsym";
				ENABLE_NS_ASSERTIONS = NO;
				ENABLE_STRICT_OBJC_MSGSEND = YES;
				GCC_C_LANGUAGE_STANDARD = gnu11;
				GCC_NO_COMMON_BLOCKS = YES;
				GCC_WARN_64_TO_32_BIT_CONVERSION = YES;
				GCC_WARN_ABOUT_RETURN_TYPE = YES_ERROR;
				GCC_WARN_UNDECLARED_SELECTOR = YES;
				GCC_WARN_UNINITIALIZED_AUTOS = YES_AGGRESSIVE;
				GCC_WARN_UNUSED_FUNCTION = YES;
				GCC_WARN_UNUSED_VARIABLE = YES;
				IPHONEOS_DEPLOYMENT_TARGET = 15.2;
				MTL_ENABLE_DEBUG_INFO = NO;
				MTL_FAST_MATH = YES;
				SDKROOT = iphoneos;
				SWIFT_COMPILATION_MODE = wholemodule;
				SWIFT_OPTIMIZATION_LEVEL = "-O";
				VALIDATE_PRODUCT = YES;
			};
			name = Release;
		};
		F66CBE1327DE5E2A00805BE2 /* Debug */ = {
			isa = XCBuildConfiguration;
			buildSettings = {
				ASSETCATALOG_COMPILER_APPICON_NAME = AppIcon;
				ASSETCATALOG_COMPILER_GLOBAL_ACCENT_COLOR_NAME = AccentColor;
				CODE_SIGN_STYLE = Automatic;
				CURRENT_PROJECT_VERSION = 1;
				DEVELOPMENT_ASSET_PATHS = "\"Habit/Preview Content\"";
				DEVELOPMENT_TEAM = QA23USER74;
				ENABLE_PREVIEWS = YES;
				GENERATE_INFOPLIST_FILE = YES;
				INFOPLIST_KEY_UIApplicationSceneManifest_Generation = YES;
				INFOPLIST_KEY_UIApplicationSupportsIndirectInputEvents = YES;
				INFOPLIST_KEY_UILaunchScreen_Generation = YES;
				INFOPLIST_KEY_UISupportedInterfaceOrientations_iPad = "UIInterfaceOrientationPortrait UIInterfaceOrientationPortraitUpsideDown UIInterfaceOrientationLandscapeLeft UIInterfaceOrientationLandscapeRight";
				INFOPLIST_KEY_UISupportedInterfaceOrientations_iPhone = "UIInterfaceOrientationPortrait UIInterfaceOrientationLandscapeLeft UIInterfaceOrientationLandscapeRight";
				LD_RUNPATH_SEARCH_PATHS = (
					"$(inherited)",
					"@executable_path/Frameworks",
				);
				MARKETING_VERSION = 1.0;
				PRODUCT_BUNDLE_IDENTIFIER = matos.paulo.Habit;
				PRODUCT_NAME = "$(TARGET_NAME)";
				SWIFT_EMIT_LOC_STRINGS = YES;
				SWIFT_VERSION = 5.0;
				TARGETED_DEVICE_FAMILY = "1,2";
			};
			name = Debug;
		};
		F66CBE1427DE5E2A00805BE2 /* Release */ = {
			isa = XCBuildConfiguration;
			buildSettings = {
				ASSETCATALOG_COMPILER_APPICON_NAME = AppIcon;
				ASSETCATALOG_COMPILER_GLOBAL_ACCENT_COLOR_NAME = AccentColor;
				CODE_SIGN_STYLE = Automatic;
				CURRENT_PROJECT_VERSION = 1;
				DEVELOPMENT_ASSET_PATHS = "\"Habit/Preview Content\"";
				DEVELOPMENT_TEAM = QA23USER74;
				ENABLE_PREVIEWS = YES;
				GENERATE_INFOPLIST_FILE = YES;
				INFOPLIST_KEY_UIApplicationSceneManifest_Generation = YES;
				INFOPLIST_KEY_UIApplicationSupportsIndirectInputEvents = YES;
				INFOPLIST_KEY_UILaunchScreen_Generation = YES;
				INFOPLIST_KEY_UISupportedInterfaceOrientations_iPad = "UIInterfaceOrientationPortrait UIInterfaceOrientationPortraitUpsideDown UIInterfaceOrientationLandscapeLeft UIInterfaceOrientationLandscapeRight";
				INFOPLIST_KEY_UISupportedInterfaceOrientations_iPhone = "UIInterfaceOrientationPortrait UIInterfaceOrientationLandscapeLeft UIInterfaceOrientationLandscapeRight";
				LD_RUNPATH_SEARCH_PATHS = (
					"$(inherited)",
					"@executable_path/Frameworks",
				);
				MARKETING_VERSION = 1.0;
				PRODUCT_BUNDLE_IDENTIFIER = matos.paulo.Habit;
				PRODUCT_NAME = "$(TARGET_NAME)";
				SWIFT_EMIT_LOC_STRINGS = YES;
				SWIFT_VERSION = 5.0;
				TARGETED_DEVICE_FAMILY = "1,2";
			};
			name = Release;
		};
/* End XCBuildConfiguration section */

/* Begin XCConfigurationList section */
		F66CBDFF27DE5E2900805BE2 /* Build configuration list for PBXProject "Habit" */ = {
			isa = XCConfigurationList;
			buildConfigurations = (
				F66CBE1027DE5E2A00805BE2 /* Debug */,
				F66CBE1127DE5E2A00805BE2 /* Release */,
			);
			defaultConfigurationIsVisible = 0;
			defaultConfigurationName = Release;
		};
		F66CBE1227DE5E2A00805BE2 /* Build configuration list for PBXNativeTarget "Habit" */ = {
			isa = XCConfigurationList;
			buildConfigurations = (
				F66CBE1327DE5E2A00805BE2 /* Debug */,
				F66CBE1427DE5E2A00805BE2 /* Release */,
			);
			defaultConfigurationIsVisible = 0;
			defaultConfigurationName = Release;
		};
/* End XCConfigurationList section */
	};
	rootObject = F66CBDFC27DE5E2900805BE2 /* Project object */;
}
